{
  "requires": true,
  "lockfileVersion": 1,
  "dependencies": {
    "coffeescript": {
      "version": "2.5.1",
      "resolved": "https://registry.npmjs.org/coffeescript/-/coffeescript-2.5.1.tgz",
      "integrity": "sha512-J2jRPX0eeFh5VKyVnoLrfVFgLZtnnmp96WQSLAS8OrLm2wtQLcnikYKe1gViJKDH7vucjuhHvBKKBP3rKcD1tQ=="
    },
    "coffescript": {
      "version": "0.0.1-security",
      "resolved": "https://registry.npmjs.org/coffescript/-/coffescript-0.0.1-security.tgz",
      "integrity": "sha512-VHJ9ut+YjMDk6wgTe/2wW8e2eP8XqAsP7dDQwX6JMsy3ME2swQxU6lME1FZrhB8A01/5H90+0qCA90RF43BHRA=="
    },
    "cson": {
      "version": "6.9.0",
      "resolved": "https://registry.npmjs.org/cson/-/cson-6.9.0.tgz",
      "integrity": "sha512-iqtKZ8q2oWFSU4qxP+y2pekVEXzzE1wFXaAu2U8qR69XnNoImtexPHNw09ksBonfuhLjYsaOFjbt5iKu0zACcA==",
      "requires": {
        "coffeescript": "^2.4.1",
        "cson-parser": "^4.0.3",
        "extract-opts": "^4.3.0",
        "requirefresh": "^3.3.0",
        "safefs": "^5.5.0"
      }
    },
    "cson-parser": {
      "version": "4.0.4",
      "resolved": "https://registry.npmjs.org/cson-parser/-/cson-parser-4.0.4.tgz",
      "integrity": "sha512-veObnzR9fDs/+kvio0I+jeZXjsJ9jF0jtisl7g+z9J0YzlJ0UjCaGtbUd6JgKcfBlF7RSaSb7GMJYvGqp64pcg==",
      "requires": {
        "coffeescript": "^1.10.0"
      },
      "dependencies": {
        "coffeescript": {
          "version": "1.12.7",
          "resolved": "https://registry.npmjs.org/coffeescript/-/coffeescript-1.12.7.tgz",
          "integrity": "sha512-pLXHFxQMPklVoEekowk8b3erNynC+DVJzChxS/LCBBgR6/8AJkHivkm//zbowcfc7BTCAjryuhx6gPqPRfsFoA=="
        }
      }
    },
    "eachr": {
      "version": "4.5.0",
      "resolved": "https://registry.npmjs.org/eachr/-/eachr-4.5.0.tgz",
      "integrity": "sha512-9I664RWp6p8jvcHZIwo7bWaiSaUmA1wNSLKwNZEiaYjqiTARq3cGjyRiIunsopZv4QMmX3T5Hs17QoPAzdYxfg==",
      "requires": {
        "typechecker": "^6.2.0"
      }
    },
    "extract-opts": {
      "version": "4.3.0",
      "resolved": "https://registry.npmjs.org/extract-opts/-/extract-opts-4.3.0.tgz",
      "integrity": "sha512-Dmssi1tgKJkQsVmbP7TgW/kbdc42SAsNf6h9ClweP+dS7O24YYMTXsNwPelxhx0LF15npiWwY5ahKtyQiNgxWA==",
      "requires": {
        "eachr": "^4.5.0",
        "typechecker": "^6.2.0"
      }
    },
    "fs": {
      "version": "0.0.1-security",
      "resolved": "https://registry.npmjs.org/fs/-/fs-0.0.1-security.tgz",
      "integrity": "sha1-invTcYa23d84E/I4WLV+yq9eQdQ="
    },
    "graceful-fs": {
      "version": "4.2.3",
      "resolved": "https://registry.npmjs.org/graceful-fs/-/graceful-fs-4.2.3.tgz",
      "integrity": "sha512-a30VEBm4PEdx1dRB7MFK7BejejvCvBronbLjht+sHuGYj8PHs7M/5Z+rt5lw551vZ7yfTCj4Vuyy3mSJytDWRQ=="
    },
    "inherits": {
      "version": "2.0.3",
      "resolved": "https://registry.npmjs.org/inherits/-/inherits-2.0.3.tgz",
      "integrity": "sha1-Yzwsg+PaQqUC9SRmAiSA9CCCYd4="
    },
    "path": {
      "version": "0.12.7",
      "resolved": "https://registry.npmjs.org/path/-/path-0.12.7.tgz",
      "integrity": "sha1-1NwqUGxM4hl+tIHr/NWzbAFAsQ8=",
      "requires": {
        "process": "^0.11.1",
        "util": "^0.10.3"
      }
    },
    "process": {
      "version": "0.11.10",
      "resolved": "https://registry.npmjs.org/process/-/process-0.11.10.tgz",
      "integrity": "sha1-czIwDoQBYb2j5podHZGn1LwW8YI="
    },
    "requirefresh": {
      "version": "3.3.0",
      "resolved": "https://registry.npmjs.org/requirefresh/-/requirefresh-3.3.0.tgz",
      "integrity": "sha512-6IPvbg29edHMtnElBN9p6Qy8uFuOcOEisHOmS+p+EUKDiHhcLx8ehJdwHrXhY4CF/4GBiZx0hfN9mbcJ0TMgEA=="
    },
    "safefs": {
      "version": "5.5.0",
      "resolved": "https://registry.npmjs.org/safefs/-/safefs-5.5.0.tgz",
      "integrity": "sha512-I8wa7h8Z9OpyULYkEiQoUEtAvPOlsvmYSmD2PD0hVUs4Hhr5BHor8NDSg3qWikIba0+yz3xww0IrLvzCstYVFQ==",
      "requires": {
        "graceful-fs": "^4.2.3"
      }
    },
    "typechecker": {
      "version": "6.3.0",
      "resolved": "https://registry.npmjs.org/typechecker/-/typechecker-6.3.0.tgz",
      "integrity": "sha512-XZmZISfAzrzGHaC2nAwXyh/O1srpTIw/sFS5K0wGRIoWgc+bpGXJLkpI5VoZg9+2SwV6tFIS3WCb3l0bNitLag=="
    },
    "util": {
      "version": "0.10.4",
      "resolved": "https://registry.npmjs.org/util/-/util-0.10.4.tgz",
      "integrity": "sha512-0Pm9hTQ3se5ll1XihRic3FDIku70C+iHUdT/W926rSgHV5QgXsYbKZN8MSC3tJtSkhuROzvsQjAaFENRXr+19A==",
      "requires": {
        "inherits": "2.0.3"
      }
    }
  }
}
